
Microsoft Visual Studio Solution File, Format Version 12.00
# Visual Studio 14
VisualStudioVersion = 14.0.25420.1
MinimumVisualStudioVersion = 10.0.40219.1
Project("{FAE04EC0-301F-11D3-BF4B-00C04F79EFBC}") = "TessaStoreReal", "TessaStoreReal\TessaStoreReal.csproj", "{09F7D392-FBFA-4B04-8C7F-B10B864BDBAE}"
EndProject
Project("{00D1A9C2-B5F0-4AF3-8072-F6C62B433612}") = "Storefront", "Storefront\Storefront.sqlproj", "{2D5AA3CE-BAB6-4F75-B15B-C35B6602FB03}"
EndProject
Global
	GlobalSection(SolutionConfigurationPlatforms) = preSolution
		Debug|Any CPU = Debug|Any CPU
		Release|Any CPU = Release|Any CPU
	EndGlobalSection
	GlobalSection(ProjectConfigurationPlatforms) = postSolution
		{09F7D392-FBFA-4B04-8C7F-B10B864BDBAE}.Debug|Any CPU.ActiveCfg = Debug|Any CPU
		{09F7D392-FBFA-4B04-8C7F-B10B864BDBAE}.Debug|Any CPU.Build.0 = Debug|Any CPU
		{09F7D392-FBFA-4B04-8C7F-B10B864BDBAE}.Release|Any CPU.ActiveCfg = Release|Any CPU
		{09F7D392-FBFA-4B04-8C7F-B10B864BDBAE}.Release|Any CPU.Build.0 = Release|Any CPU
		{2D5AA3CE-BAB6-4F75-B15B-C35B6602FB03}.Debug|Any CPU.ActiveCfg = Debug|Any CPU
		{2D5AA3CE-BAB6-4F75-B15B-C35B6602FB03}.Debug|Any CPU.Build.0 = Debug|Any CPU
		{2D5AA3CE-BAB6-4F75-B15B-C35B6602FB03}.Debug|Any CPU.Deploy.0 = Debug|Any CPU
		{2D5AA3CE-BAB6-4F75-B15B-C35B6602FB03}.Release|Any CPU.ActiveCfg = Release|Any CPU
		{2D5AA3CE-BAB6-4F75-B15B-C35B6602FB03}.Release|Any CPU.Build.0 = Release|Any CPU
		{2D5AA3CE-BAB6-4F75-B15B-C35B6602FB03}.Release|Any CPU.Deploy.0 = Release|Any CPU
	EndGlobalSection
	GlobalSection(SolutionProperties) = preSolution
		HideSolutionNode = FALSE
	EndGlobalSection
EndGlobal
